
Microsoft Visual Studio Solution File, Format Version 12.00
# Visual Studio 15
VisualStudioVersion = 15.0.28010.2041
MinimumVisualStudioVersion = 10.0.40219.1
Project("{FAE04EC0-301F-11D3-BF4B-00C04F79EFBC}") = "ASP_MEMBER_WORKSHOP", "ASP_MEMBER_WORKSHOP\ASP_MEMBER_WORKSHOP.csproj", "{1C8DF8AF-7C4C-4EB0-8A46-7CF6CE7DFC1F}"
EndProject
Project("{FAE04EC0-301F-11D3-BF4B-00C04F79EFBC}") = "ASP_MEMBER_WORKSHOP.Tests", "ASP_MEMBER_WORKSHOP.Tests\ASP_MEMBER_WORKSHOP.Tests.csproj", "{F5F71245-5206-441C-90AD-9E3ACCDADB52}"
EndProject
Global
	GlobalSection(SolutionConfigurationPlatforms) = preSolution
		Debug|Any CPU = Debug|Any CPU
		Release|Any CPU = Release|Any CPU
	EndGlobalSection
	GlobalSection(ProjectConfigurationPlatforms) = postSolution
		{1C8DF8AF-7C4C-4EB0-8A46-7CF6CE7DFC1F}.Debug|Any CPU.ActiveCfg = Debug|Any CPU
		{1C8DF8AF-7C4C-4EB0-8A46-7CF6CE7DFC1F}.Debug|Any CPU.Build.0 = Debug|Any CPU
		{1C8DF8AF-7C4C-4EB0-8A46-7CF6CE7DFC1F}.Release|Any CPU.ActiveCfg = Release|Any CPU
		{1C8DF8AF-7C4C-4EB0-8A46-7CF6CE7DFC1F}.Release|Any CPU.Build.0 = Release|Any CPU
		{F5F71245-5206-441C-90AD-9E3ACCDADB52}.Debug|Any CPU.ActiveCfg = Debug|Any CPU
		{F5F71245-5206-441C-90AD-9E3ACCDADB52}.Debug|Any CPU.Build.0 = Debug|Any CPU
		{F5F71245-5206-441C-90AD-9E3ACCDADB52}.Release|Any CPU.ActiveCfg = Release|Any CPU
		{F5F71245-5206-441C-90AD-9E3ACCDADB52}.Release|Any CPU.Build.0 = Release|Any CPU
	EndGlobalSection
	GlobalSection(SolutionProperties) = preSolution
		HideSolutionNode = FALSE
	EndGlobalSection
	GlobalSection(ExtensibilityGlobals) = postSolution
		SolutionGuid = {FA6FC085-281E-4A34-9C45-B7CFCEA0A500}
	EndGlobalSection
EndGlobal
